// !$*UTF8*$!
{
	archiveVersion = 1;
	classes = {
	};
	objectVersion = 46;
	objects = {

/* Begin PBXBuildFile section */
		42705ED2162E486100A347F9 /* UIKit.framework in Frameworks */ = {isa = PBXBuildFile; fileRef = 42705ED1162E486100A347F9 /* UIKit.framework */; };
		42705ED4162E486100A347F9 /* Foundation.framework in Frameworks */ = {isa = PBXBuildFile; fileRef = 42705ED3162E486100A347F9 /* Foundation.framework */; };
		42705ED6162E486100A347F9 /* CoreGraphics.framework in Frameworks */ = {isa = PBXBuildFile; fileRef = 42705ED5162E486100A347F9 /* CoreGraphics.framework */; };
		42705EDC162E486100A347F9 /* InfoPlist.strings in Resources */ = {isa = PBXBuildFile; fileRef = 42705EDA162E486100A347F9 /* InfoPlist.strings */; };
		42705EDE162E486100A347F9 /* main.m in Sources */ = {isa = PBXBuildFile; fileRef = 42705EDD162E486100A347F9 /* main.m */; };
		42705EE2162E486100A347F9 /* AppDelegate.m in Sources */ = {isa = PBXBuildFile; fileRef = 42705EE1162E486100A347F9 /* AppDelegate.m */; };
		42705EE4162E486100A347F9 /* Default.png in Resources */ = {isa = PBXBuildFile; fileRef = 42705EE3162E486100A347F9 /* Default.png */; };
		42705EE6162E486100A347F9 /* Default@2x.png in Resources */ = {isa = PBXBuildFile; fileRef = 42705EE5162E486100A347F9 /* Default@2x.png */; };
		42705EE8162E486100A347F9 /* Default-568h@2x.png in Resources */ = {isa = PBXBuildFile; fileRef = 42705EE7162E486100A347F9 /* Default-568h@2x.png */; };
		42705EEB162E486100A347F9 /* ViewController.m in Sources */ = {isa = PBXBuildFile; fileRef = 42705EEA162E486100A347F9 /* ViewController.m */; };
		42705EEE162E486100A347F9 /* ViewController.xib in Resources */ = {isa = PBXBuildFile; fileRef = 42705EEC162E486100A347F9 /* ViewController.xib */; };
/* End PBXBuildFile section */

/* Begin PBXFileReference section */
		42705ECD162E486100A347F9 /* Hound.app */ = {isa = PBXFileReference; explicitFileType = wrapper.application; includeInIndex = 0; path = Hound.app; sourceTree = BUILT_PRODUCTS_DIR; };
		42705ED1162E486100A347F9 /* UIKit.framework */ = {isa = PBXFileReference; lastKnownFileType = wrapper.framework; name = UIKit.framework; path = System/Library/Frameworks/UIKit.framework; sourceTree = SDKROOT; };
		42705ED3162E486100A347F9 /* Foundation.framework */ = {isa = PBXFileReference; lastKnownFileType = wrapper.framework; name = Foundation.framework; path = System/Library/Frameworks/Foundation.framework; sourceTree = SDKROOT; };
		42705ED5162E486100A347F9 /* CoreGraphics.framework */ = {isa = PBXFileReference; lastKnownFileType = wrapper.framework; name = CoreGraphics.framework; path = System/Library/Frameworks/CoreGraphics.framework; sourceTree = SDKROOT; };
		42705ED9162E486100A347F9 /* Hound-Info.plist */ = {isa = PBXFileReference; lastKnownFileType = text.plist.xml; path = "Hound-Info.plist"; sourceTree = "<group>"; };
		42705EDB162E486100A347F9 /* en */ = {isa = PBXFileReference; lastKnownFileType = text.plist.strings; name = en; path = en.lproj/InfoPlist.strings; sourceTree = "<group>"; };
		42705EDD162E486100A347F9 /* main.m */ = {isa = PBXFileReference; lastKnownFileType = sourcecode.c.objc; path = main.m; sourceTree = "<group>"; };
		42705EDF162E486100A347F9 /* Hound-Prefix.pch */ = {isa = PBXFileReference; lastKnownFileType = sourcecode.c.h; path = "Hound-Prefix.pch"; sourceTree = "<group>"; };
		42705EE0162E486100A347F9 /* AppDelegate.h */ = {isa = PBXFileReference; lastKnownFileType = sourcecode.c.h; path = AppDelegate.h; sourceTree = "<group>"; };
		42705EE1162E486100A347F9 /* AppDelegate.m */ = {isa = PBXFileReference; lastKnownFileType = sourcecode.c.objc; path = AppDelegate.m; sourceTree = "<group>"; };
		42705EE3162E486100A347F9 /* Default.png */ = {isa = PBXFileReference; lastKnownFileType = image.png; path = Default.png; sourceTree = "<group>"; };
		42705EE5162E486100A347F9 /* Default@2x.png */ = {isa = PBXFileReference; lastKnownFileType = image.png; path = "Default@2x.png"; sourceTree = "<group>"; };
		42705EE7162E486100A347F9 /* Default-568h@2x.png */ = {isa = PBXFileReference; lastKnownFileType = image.png; path = "Default-568h@2x.png"; sourceTree = "<group>"; };
		42705EE9162E486100A347F9 /* ViewController.h */ = {isa = PBXFileReference; lastKnownFileType = sourcecode.c.h; path = ViewController.h; sourceTree = "<group>"; };
		42705EEA162E486100A347F9 /* ViewController.m */ = {isa = PBXFileReference; lastKnownFileType = sourcecode.c.objc; path = ViewController.m; sourceTree = "<group>"; };
		42705EED162E486100A347F9 /* en */ = {isa = PBXFileReference; lastKnownFileType = file.xib; name = en; path = en.lproj/ViewController.xib; sourceTree = "<group>"; };
/* End PBXFileReference section */

/* Begin PBXFrameworksBuildPhase section */
		42705ECA162E486100A347F9 /* Frameworks */ = {
			isa = PBXFrameworksBuildPhase;
			buildActionMask = 2147483647;
			files = (
				42705ED2162E486100A347F9 /* UIKit.framework in Frameworks */,
				42705ED4162E486100A347F9 /* Foundation.framework in Frameworks */,
				42705ED6162E486100A347F9 /* CoreGraphics.framework in Frameworks */,
			);
			runOnlyForDeploymentPostprocessing = 0;
		};
/* End PBXFrameworksBuildPhase section */

/* Begin PBXGroup section */
		42705EC2162E486100A347F9 = {
			isa = PBXGroup;
			children = (
				42705ED7162E486100A347F9 /* Hound */,
				42705ED0162E486100A347F9 /* Frameworks */,
				42705ECE162E486100A347F9 /* Products */,
			);
			sourceTree = "<group>";
		};
		42705ECE162E486100A347F9 /* Products */ = {
			isa = PBXGroup;
			children = (
				42705ECD162E486100A347F9 /* Hound.app */,
			);
			name = Products;
			sourceTree = "<group>";
		};
		42705ED0162E486100A347F9 /* Frameworks */ = {
			isa = PBXGroup;
			children = (
				42705ED1162E486100A347F9 /* UIKit.framework */,
				42705ED3162E486100A347F9 /* Foundation.framework */,
				42705ED5162E486100A347F9 /* CoreGraphics.framework */,
			);
			name = Frameworks;
			sourceTree = "<group>";
		};
		42705ED7162E486100A347F9 /* Hound */ = {
			isa = PBXGroup;
			children = (
				42705EE0162E486100A347F9 /* AppDelegate.h */,
				42705EE1162E486100A347F9 /* AppDelegate.m */,
				42705EE9162E486100A347F9 /* ViewController.h */,
				42705EEA162E486100A347F9 /* ViewController.m */,
				42705EEC162E486100A347F9 /* ViewController.xib */,
				42705ED8162E486100A347F9 /* Supporting Files */,
			);
			path = Hound;
			sourceTree = "<group>";
		};
		42705ED8162E486100A347F9 /* Supporting Files */ = {
			isa = PBXGroup;
			children = (
				42705ED9162E486100A347F9 /* Hound-Info.plist */,
				42705EDA162E486100A347F9 /* InfoPlist.strings */,
				42705EDD162E486100A347F9 /* main.m */,
				42705EDF162E486100A347F9 /* Hound-Prefix.pch */,
				42705EE3162E486100A347F9 /* Default.png */,
				42705EE5162E486100A347F9 /* Default@2x.png */,
				42705EE7162E486100A347F9 /* Default-568h@2x.png */,
			);
			name = "Supporting Files";
			sourceTree = "<group>";
		};
/* End PBXGroup section */

/* Begin PBXNativeTarget section */
		42705ECC162E486100A347F9 /* Hound */ = {
			isa = PBXNativeTarget;
			buildConfigurationList = 42705EF1162E486100A347F9 /* Build configuration list for PBXNativeTarget "Hound" */;
			buildPhases = (
				42705EC9162E486100A347F9 /* Sources */,
				42705ECA162E486100A347F9 /* Frameworks */,
				42705ECB162E486100A347F9 /* Resources */,
			);
			buildRules = (
			);
			dependencies = (
			);
			name = Hound;
			productName = Hound;
			productReference = 42705ECD162E486100A347F9 /* Hound.app */;
			productType = "com.apple.product-type.application";
		};
/* End PBXNativeTarget section */

/* Begin PBXProject section */
		42705EC4162E486100A347F9 /* Project object */ = {
			isa = PBXProject;
			attributes = {
				LastUpgradeCheck = 0450;
			};
			buildConfigurationList = 42705EC7162E486100A347F9 /* Build configuration list for PBXProject "Hound" */;
			compatibilityVersion = "Xcode 3.2";
			developmentRegion = English;
			hasScannedForEncodings = 0;
			knownRegions = (
				en,
			);
			mainGroup = 42705EC2162E486100A347F9;
			productRefGroup = 42705ECE162E486100A347F9 /* Products */;
			projectDirPath = "";
			projectRoot = "";
			targets = (
				42705ECC162E486100A347F9 /* Hound */,
			);
		};
/* End PBXProject section */

/* Begin PBXResourcesBuildPhase section */
		42705ECB162E486100A347F9 /* Resources */ = {
			isa = PBXResourcesBuildPhase;
			buildActionMask = 2147483647;
			files = (
				42705EDC162E486100A347F9 /* InfoPlist.strings in Resources */,
				42705EE4162E486100A347F9 /* Default.png in Resources */,
				42705EE6162E486100A347F9 /* Default@2x.png in Resources */,
				42705EE8162E486100A347F9 /* Default-568h@2x.png in Resources */,
				42705EEE162E486100A347F9 /* ViewController.xib in Resources */,
			);
			runOnlyForDeploymentPostprocessing = 0;
		};
/* End PBXResourcesBuildPhase section */

/* Begin PBXSourcesBuildPhase section */
		42705EC9162E486100A347F9 /* Sources */ = {
			isa = PBXSourcesBuildPhase;
			buildActionMask = 2147483647;
			files = (
				42705EDE162E486100A347F9 /* main.m in Sources */,
				42705EE2162E486100A347F9 /* AppDelegate.m in Sources */,
				42705EEB162E486100A347F9 /* ViewController.m in Sources */,
			);
			runOnlyForDeploymentPostprocessing = 0;
		};
/* End PBXSourcesBuildPhase section */

/* Begin PBXVariantGroup section */
		42705EDA162E486100A347F9 /* InfoPlist.strings */ = {
			isa = PBXVariantGroup;
			children = (
				42705EDB162E486100A347F9 /* en */,
			);
			name = InfoPlist.strings;
			sourceTree = "<group>";
		};
		42705EEC162E486100A347F9 /* ViewController.xib */ = {
			isa = PBXVariantGroup;
			children = (
				42705EED162E486100A347F9 /* en */,
			);
			name = ViewController.xib;
			sourceTree = "<group>";
		};
/* End PBXVariantGroup section */

/* Begin XCBuildConfiguration section */
		42705EEF162E486100A347F9 /* Debug */ = {
			isa = XCBuildConfiguration;
			buildSettings = {
				ALWAYS_SEARCH_USER_PATHS = NO;
				CLANG_CXX_LANGUAGE_STANDARD = "gnu++0x";
				CLANG_CXX_LIBRARY = "libc++";
				CLANG_ENABLE_OBJC_ARC = YES;
				CLANG_WARN_EMPTY_BODY = YES;
				CLANG_WARN__DUPLICATE_METHOD_MATCH = YES;
				"CODE_SIGN_IDENTITY[sdk=iphoneos*]" = "iPhone Developer";
				COPY_PHASE_STRIP = NO;
				GCC_C_LANGUAGE_STANDARD = gnu99;
				GCC_DYNAMIC_NO_PIC = NO;
				GCC_OPTIMIZATION_LEVEL = 0;
				GCC_PREPROCESSOR_DEFINITIONS = (
					"DEBUG=1",
					"$(inherited)",
				);
				GCC_SYMBOLS_PRIVATE_EXTERN = NO;
				GCC_WARN_ABOUT_RETURN_TYPE = YES;
				GCC_WARN_UNINITIALIZED_AUTOS = YES;
				GCC_WARN_UNUSED_VARIABLE = YES;
				IPHONEOS_DEPLOYMENT_TARGET = 6.0;
				SDKROOT = iphoneos;
			};
			name = Debug;
		};
		42705EF0162E486100A347F9 /* Release */ = {
			isa = XCBuildConfiguration;
			buildSettings = {
				ALWAYS_SEARCH_USER_PATHS = NO;
				CLANG_CXX_LANGUAGE_STANDARD = "gnu++0x";
				CLANG_CXX_LIBRARY = "libc++";
				CLANG_ENABLE_OBJC_ARC = YES;
				CLANG_WARN_EMPTY_BODY = YES;
				CLANG_WARN__DUPLICATE_METHOD_MATCH = YES;
				"CODE_SIGN_IDENTITY[sdk=iphoneos*]" = "iPhone Developer";
				COPY_PHASE_STRIP = YES;
				GCC_C_LANGUAGE_STANDARD = gnu99;
				GCC_WARN_ABOUT_RETURN_TYPE = YES;
				GCC_WARN_UNINITIALIZED_AUTOS = YES;
				GCC_WARN_UNUSED_VARIABLE = YES;
				IPHONEOS_DEPLOYMENT_TARGET = 6.0;
				OTHER_CFLAGS = "-DNS_BLOCK_ASSERTIONS=1";
				SDKROOT = iphoneos;
				VALIDATE_PRODUCT = YES;
			};
			name = Release;
		};
		42705EF2162E486100A347F9 /* Debug */ = {
			isa = XCBuildConfiguration;
			buildSettings = {
				GCC_PRECOMPILE_PREFIX_HEADER = YES;
				GCC_PREFIX_HEADER = "Hound/Hound-Prefix.pch";
				INFOPLIST_FILE = "Hound/Hound-Info.plist";
				PRODUCT_NAME = "$(TARGET_NAME)";
				WRAPPER_EXTENSION = app;
			};
			name = Debug;
		};
		42705EF3162E486100A347F9 /* Release */ = {
			isa = XCBuildConfiguration;
			buildSettings = {
				GCC_PRECOMPILE_PREFIX_HEADER = YES;
				GCC_PREFIX_HEADER = "Hound/Hound-Prefix.pch";
				INFOPLIST_FILE = "Hound/Hound-Info.plist";
				PRODUCT_NAME = "$(TARGET_NAME)";
				WRAPPER_EXTENSION = app;
			};
			name = Release;
		};
/* End XCBuildConfiguration section */

/* Begin XCConfigurationList section */
		42705EC7162E486100A347F9 /* Build configuration list for PBXProject "Hound" */ = {
			isa = XCConfigurationList;
			buildConfigurations = (
				42705EEF162E486100A347F9 /* Debug */,
				42705EF0162E486100A347F9 /* Release */,
			);
			defaultConfigurationIsVisible = 0;
			defaultConfigurationName = Release;
		};
		42705EF1162E486100A347F9 /* Build configuration list for PBXNativeTarget "Hound" */ = {
			isa = XCConfigurationList;
			buildConfigurations = (
				42705EF2162E486100A347F9 /* Debug */,
				42705EF3162E486100A347F9 /* Release */,
			);
			defaultConfigurationIsVisible = 0;
		};
/* End XCConfigurationList section */
	};
	rootObject = 42705EC4162E486100A347F9 /* Project object */;
}
